// !$*UTF8*$!
{
	archiveVersion = 1;
	classes = {
	};
	objectVersion = 50;
	objects = {

/* Begin PBXBuildFile section */
		146DAC4323A71F0100445754 /* AppDelegate.m in Sources */ = {isa = PBXBuildFile; fileRef = 146DAC4223A71F0100445754 /* AppDelegate.m */; };
		146DAC4523A71F0400445754 /* Assets.xcassets in Resources */ = {isa = PBXBuildFile; fileRef = 146DAC4423A71F0400445754 /* Assets.xcassets */; };
		146DAC4823A71F0500445754 /* MainMenu.xib in Resources */ = {isa = PBXBuildFile; fileRef = 146DAC4623A71F0500445754 /* MainMenu.xib */; };
		146DAC4B23A71F0500445754 /* main.m in Sources */ = {isa = PBXBuildFile; fileRef = 146DAC4A23A71F0500445754 /* main.m */; };
		147364492407E51F00701E73 /* PDF.collection in Resources */ = {isa = PBXBuildFile; fileRef = 147364482407E51F00701E73 /* PDF.collection */; };
/* End PBXBuildFile section */

/* Begin PBXFileReference section */
		146DAC3E23A71F0100445754 /* NSFontCollection_test.app */ = {isa = PBXFileReference; explicitFileType = wrapper.application; includeInIndex = 0; path = NSFontCollection_test.app; sourceTree = BUILT_PRODUCTS_DIR; };
		146DAC4123A71F0100445754 /* AppDelegate.h */ = {isa = PBXFileReference; lastKnownFileType = sourcecode.c.h; path = AppDelegate.h; sourceTree = "<group>"; };
		146DAC4223A71F0100445754 /* AppDelegate.m */ = {isa = PBXFileReference; lastKnownFileType = sourcecode.c.objc; path = AppDelegate.m; sourceTree = "<group>"; };
		146DAC4423A71F0400445754 /* Assets.xcassets */ = {isa = PBXFileReference; lastKnownFileType = folder.assetcatalog; path = Assets.xcassets; sourceTree = "<group>"; };
		146DAC4723A71F0500445754 /* Base */ = {isa = PBXFileReference; lastKnownFileType = file.xib; name = Base; path = Base.lproj/MainMenu.xib; sourceTree = "<group>"; };
		146DAC4923A71F0500445754 /* Info.plist */ = {isa = PBXFileReference; lastKnownFileType = text.plist.xml; path = Info.plist; sourceTree = "<group>"; };
		146DAC4A23A71F0500445754 /* main.m */ = {isa = PBXFileReference; lastKnownFileType = sourcecode.c.objc; path = main.m; sourceTree = "<group>"; };
		146DAC4C23A71F0500445754 /* NSFontCollection_test.entitlements */ = {isa = PBXFileReference; lastKnownFileType = text.plist.entitlements; path = NSFontCollection_test.entitlements; sourceTree = "<group>"; };
		147364482407E51F00701E73 /* PDF.collection */ = {isa = PBXFileReference; fileEncoding = 4; lastKnownFileType = text.xml; path = PDF.collection; sourceTree = "<group>"; };
/* End PBXFileReference section */

/* Begin PBXFrameworksBuildPhase section */
		146DAC3B23A71F0100445754 /* Frameworks */ = {
			isa = PBXFrameworksBuildPhase;
			buildActionMask = 2147483647;
			files = (
			);
			runOnlyForDeploymentPostprocessing = 0;
		};
/* End PBXFrameworksBuildPhase section */

/* Begin PBXGroup section */
		146DAC3523A71F0100445754 = {
			isa = PBXGroup;
			children = (
				146DAC4023A71F0100445754 /* NSFontCollection_test */,
				146DAC3F23A71F0100445754 /* Products */,
			);
			sourceTree = "<group>";
		};
		146DAC3F23A71F0100445754 /* Products */ = {
			isa = PBXGroup;
			children = (
				146DAC3E23A71F0100445754 /* NSFontCollection_test.app */,
			);
			name = Products;
			sourceTree = "<group>";
		};
		146DAC4023A71F0100445754 /* NSFontCollection_test */ = {
			isa = PBXGroup;
			children = (
				147364482407E51F00701E73 /* PDF.collection */,
				146DAC4123A71F0100445754 /* AppDelegate.h */,
				146DAC4223A71F0100445754 /* AppDelegate.m */,
				146DAC4423A71F0400445754 /* Assets.xcassets */,
				146DAC4623A71F0500445754 /* MainMenu.xib */,
				146DAC4923A71F0500445754 /* Info.plist */,
				146DAC4A23A71F0500445754 /* main.m */,
				146DAC4C23A71F0500445754 /* NSFontCollection_test.entitlements */,
			);
			path = NSFontCollection_test;
			sourceTree = "<group>";
		};
/* End PBXGroup section */

/* Begin PBXNativeTarget section */
		146DAC3D23A71F0100445754 /* NSFontCollection_test */ = {
			isa = PBXNativeTarget;
			buildConfigurationList = 146DAC4F23A71F0500445754 /* Build configuration list for PBXNativeTarget "NSFontCollection_test" */;
			buildPhases = (
				146DAC3A23A71F0100445754 /* Sources */,
				146DAC3B23A71F0100445754 /* Frameworks */,
				146DAC3C23A71F0100445754 /* Resources */,
			);
			buildRules = (
			);
			dependencies = (
			);
			name = NSFontCollection_test;
			productName = NSFontCollection_test;
			productReference = 146DAC3E23A71F0100445754 /* NSFontCollection_test.app */;
			productType = "com.apple.product-type.application";
		};
/* End PBXNativeTarget section */

/* Begin PBXProject section */
		146DAC3623A71F0100445754 /* Project object */ = {
			isa = PBXProject;
			attributes = {
				LastUpgradeCheck = 1120;
				ORGANIZATIONNAME = "Open Logic";
				TargetAttributes = {
					146DAC3D23A71F0100445754 = {
						CreatedOnToolsVersion = 11.2.1;
					};
				};
			};
			buildConfigurationList = 146DAC3923A71F0100445754 /* Build configuration list for PBXProject "NSFontCollection_test" */;
			compatibilityVersion = "Xcode 9.3";
			developmentRegion = en;
			hasScannedForEncodings = 0;
			knownRegions = (
				en,
				Base,
			);
			mainGroup = 146DAC3523A71F0100445754;
			productRefGroup = 146DAC3F23A71F0100445754 /* Products */;
			projectDirPath = "";
			projectRoot = "";
			targets = (
				146DAC3D23A71F0100445754 /* NSFontCollection_test */,
			);
		};
/* End PBXProject section */

/* Begin PBXResourcesBuildPhase section */
		146DAC3C23A71F0100445754 /* Resources */ = {
			isa = PBXResourcesBuildPhase;
			buildActionMask = 2147483647;
			files = (
				147364492407E51F00701E73 /* PDF.collection in Resources */,
				146DAC4523A71F0400445754 /* Assets.xcassets in Resources */,
				146DAC4823A71F0500445754 /* MainMenu.xib in Resources */,
			);
			runOnlyForDeploymentPostprocessing = 0;
		};
/* End PBXResourcesBuildPhase section */

/* Begin PBXSourcesBuildPhase section */
		146DAC3A23A71F0100445754 /* Sources */ = {
			isa = PBXSourcesBuildPhase;
			buildActionMask = 2147483647;
			files = (
				146DAC4B23A71F0500445754 /* main.m in Sources */,
				146DAC4323A71F0100445754 /* AppDelegate.m in Sources */,
			);
			runOnlyForDeploymentPostprocessing = 0;
		};
/* End PBXSourcesBuildPhase section */

/* Begin PBXVariantGroup section */
		146DAC4623A71F0500445754 /* MainMenu.xib */ = {
			isa = PBXVariantGroup;
			children = (
				146DAC4723A71F0500445754 /* Base */,
			);
			name = MainMenu.xib;
			sourceTree = "<group>";
		};
/* End PBXVariantGroup section */

/* Begin XCBuildConfiguration section */
		146DAC4D23A71F0500445754 /* Debug */ = {
			isa = XCBuildConfiguration;
			buildSettings = {
				ALWAYS_SEARCH_USER_PATHS = NO;
				CLANG_ANALYZER_NONNULL = YES;
				CLANG_ANALYZER_NUMBER_OBJECT_CONVERSION = YES_AGGRESSIVE;
				CLANG_CXX_LANGUAGE_STANDARD = "gnu++14";
				CLANG_CXX_LIBRARY = "libc++";
				CLANG_ENABLE_MODULES = YES;
				CLANG_ENABLE_OBJC_ARC = YES;
				CLANG_ENABLE_OBJC_WEAK = YES;
				CLANG_WARN_BLOCK_CAPTURE_AUTORELEASING = YES;
				CLANG_WARN_BOOL_CONVERSION = YES;
				CLANG_WARN_COMMA = YES;
				CLANG_WARN_CONSTANT_CONVERSION = YES;
				CLANG_WARN_DEPRECATED_OBJC_IMPLEMENTATIONS = YES;
				CLANG_WARN_DIRECT_OBJC_ISA_USAGE = YES_ERROR;
				CLANG_WARN_DOCUMENTATION_COMMENTS = YES;
				CLANG_WARN_EMPTY_BODY = YES;
				CLANG_WARN_ENUM_CONVERSION = YES;
				CLANG_WARN_INFINITE_RECURSION = YES;
				CLANG_WARN_INT_CONVERSION = YES;
				CLANG_WARN_NON_LITERAL_NULL_CONVERSION = YES;
				CLANG_WARN_OBJC_IMPLICIT_RETAIN_SELF = YES;
				CLANG_WARN_OBJC_LITERAL_CONVERSION = YES;
				CLANG_WARN_OBJC_ROOT_CLASS = YES_ERROR;
				CLANG_WARN_RANGE_LOOP_ANALYSIS = YES;
				CLANG_WARN_STRICT_PROTOTYPES = YES;
				CLANG_WARN_SUSPICIOUS_MOVE = YES;
				CLANG_WARN_UNGUARDED_AVAILABILITY = YES_AGGRESSIVE;
				CLANG_WARN_UNREACHABLE_CODE = YES;
				CLANG_WARN__DUPLICATE_METHOD_MATCH = YES;
				COPY_PHASE_STRIP = NO;
				DEBUG_INFORMATION_FORMAT = dwarf;
				ENABLE_STRICT_OBJC_MSGSEND = YES;
				ENABLE_TESTABILITY = YES;
				GCC_C_LANGUAGE_STANDARD = gnu11;
				GCC_DYNAMIC_NO_PIC = NO;
				GCC_NO_COMMON_BLOCKS = YES;
				GCC_OPTIMIZATION_LEVEL = 0;
				GCC_PREPROCESSOR_DEFINITIONS = (
					"DEBUG=1",
					"$(inherited)",
				);
				GCC_WARN_64_TO_32_BIT_CONVERSION = YES;
				GCC_WARN_ABOUT_RETURN_TYPE = YES_ERROR;
				GCC_WARN_UNDECLARED_SELECTOR = YES;
				GCC_WARN_UNINITIALIZED_AUTOS = YES_AGGRESSIVE;
				GCC_WARN_UNUSED_FUNCTION = YES;
				GCC_WARN_UNUSED_VARIABLE = YES;
				MACOSX_DEPLOYMENT_TARGET = 10.15;
				MTL_ENABLE_DEBUG_INFO = INCLUDE_SOURCE;
				MTL_FAST_MATH = YES;
				ONLY_ACTIVE_ARCH = YES;
				SDKROOT = macosx;
			};
			name = Debug;
		};
		146DAC4E23A71F0500445754 /* Release */ = {
			isa = XCBuildConfiguration;
			buildSettings = {
				ALWAYS_SEARCH_USER_PATHS = NO;
				CLANG_ANALYZER_NONNULL = YES;
				CLANG_ANALYZER_NUMBER_OBJECT_CONVERSION = YES_AGGRESSIVE;
				CLANG_CXX_LANGUAGE_STANDARD = "gnu++14";
				CLANG_CXX_LIBRARY = "libc++";
				CLANG_ENABLE_MODULES = YES;
				CLANG_ENABLE_OBJC_ARC = YES;
				CLANG_ENABLE_OBJC_WEAK = YES;
				CLANG_WARN_BLOCK_CAPTURE_AUTORELEASING = YES;
				CLANG_WARN_BOOL_CONVERSION = YES;
				CLANG_WARN_COMMA = YES;
				CLANG_WARN_CONSTANT_CONVERSION = YES;
				CLANG_WARN_DEPRECATED_OBJC_IMPLEMENTATIONS = YES;
				CLANG_WARN_DIRECT_OBJC_ISA_USAGE = YES_ERROR;
				CLANG_WARN_DOCUMENTATION_COMMENTS = YES;
				CLANG_WARN_EMPTY_BODY = YES;
				CLANG_WARN_ENUM_CONVERSION = YES;
				CLANG_WARN_INFINITE_RECURSION = YES;
				CLANG_WARN_INT_CONVERSION = YES;
				CLANG_WARN_NON_LITERAL_NULL_CONVERSION = YES;
				CLANG_WARN_OBJC_IMPLICIT_RETAIN_SELF = YES;
				CLANG_WARN_OBJC_LITERAL_CONVERSION = YES;
				CLANG_WARN_OBJC_ROOT_CLASS = YES_ERROR;
				CLANG_WARN_RANGE_LOOP_ANALYSIS = YES;
				CLANG_WARN_STRICT_PROTOTYPES = YES;
				CLANG_WARN_SUSPICIOUS_MOVE = YES;
				CLANG_WARN_UNGUARDED_AVAILABILITY = YES_AGGRESSIVE;
				CLANG_WARN_UNREACHABLE_CODE = YES;
				CLANG_WARN__DUPLICATE_METHOD_MATCH = YES;
				COPY_PHASE_STRIP = NO;
				DEBUG_INFORMATION_FORMAT = "dwarf-with-dsym";
				ENABLE_NS_ASSERTIONS = NO;
				ENABLE_STRICT_OBJC_MSGSEND = YES;
				GCC_C_LANGUAGE_STANDARD = gnu11;
				GCC_NO_COMMON_BLOCKS = YES;
				GCC_WARN_64_TO_32_BIT_CONVERSION = YES;
				GCC_WARN_ABOUT_RETURN_TYPE = YES_ERROR;
				GCC_WARN_UNDECLARED_SELECTOR = YES;
				GCC_WARN_UNINITIALIZED_AUTOS = YES_AGGRESSIVE;
				GCC_WARN_UNUSED_FUNCTION = YES;
				GCC_WARN_UNUSED_VARIABLE = YES;
				MACOSX_DEPLOYMENT_TARGET = 10.15;
				MTL_ENABLE_DEBUG_INFO = NO;
				MTL_FAST_MATH = YES;
				SDKROOT = macosx;
			};
			name = Release;
		};
		146DAC5023A71F0500445754 /* Debug */ = {
			isa = XCBuildConfiguration;
			buildSettings = {
				ASSETCATALOG_COMPILER_APPICON_NAME = AppIcon;
				CODE_SIGN_ENTITLEMENTS = NSFontCollection_test/NSFontCollection_test.entitlements;
				CODE_SIGN_IDENTITY = "-";
				CODE_SIGN_STYLE = Automatic;
				COMBINE_HIDPI_IMAGES = YES;
				DEVELOPMENT_TEAM = X34KG7M8TP;
				ENABLE_HARDENED_RUNTIME = YES;
				INFOPLIST_FILE = NSFontCollection_test/Info.plist;
				LD_RUNPATH_SEARCH_PATHS = (
					"$(inherited)",
					"@executable_path/../Frameworks",
				);
				PRODUCT_BUNDLE_IDENTIFIER = "com.olc.NSFontCollection-test";
				PRODUCT_NAME = "$(TARGET_NAME)";
			};
			name = Debug;
		};
		146DAC5123A71F0500445754 /* Release */ = {
			isa = XCBuildConfiguration;
			buildSettings = {
				ASSETCATALOG_COMPILER_APPICON_NAME = AppIcon;
				CODE_SIGN_ENTITLEMENTS = NSFontCollection_test/NSFontCollection_test.entitlements;
				CODE_SIGN_STYLE = Automatic;
				COMBINE_HIDPI_IMAGES = YES;
				DEVELOPMENT_TEAM = X34KG7M8TP;
				ENABLE_HARDENED_RUNTIME = YES;
				INFOPLIST_FILE = NSFontCollection_test/Info.plist;
				LD_RUNPATH_SEARCH_PATHS = (
					"$(inherited)",
					"@executable_path/../Frameworks",
				);
				PRODUCT_BUNDLE_IDENTIFIER = "com.olc.NSFontCollection-test";
				PRODUCT_NAME = "$(TARGET_NAME)";
			};
			name = Release;
		};
/* End XCBuildConfiguration section */

/* Begin XCConfigurationList section */
		146DAC3923A71F0100445754 /* Build configuration list for PBXProject "NSFontCollection_test" */ = {
			isa = XCConfigurationList;
			buildConfigurations = (
				146DAC4D23A71F0500445754 /* Debug */,
				146DAC4E23A71F0500445754 /* Release */,
			);
			defaultConfigurationIsVisible = 0;
			defaultConfigurationName = Release;
		};
		146DAC4F23A71F0500445754 /* Build configuration list for PBXNativeTarget "NSFontCollection_test" */ = {
			isa = XCConfigurationList;
			buildConfigurations = (
				146DAC5023A71F0500445754 /* Debug */,
				146DAC5123A71F0500445754 /* Release */,
			);
			defaultConfigurationIsVisible = 0;
			defaultConfigurationName = Release;
		};
/* End XCConfigurationList section */
	};
	rootObject = 146DAC3623A71F0100445754 /* Project object */;
}
